<?xml version="1.0" encoding="utf-8"?>
<Project ToolsVersion="4.0" xmlns="http://schemas.microsoft.com/developer/msbuild/2003">
  <ItemGroup>
    <Filter Include="Source Files">
      <UniqueIdentifier>{4FC737F1-C7A5-4376-A066-2A32D752A2FF}</UniqueIdentifier>
      <Extensions>cpp;c;cc;cxx;def;odl;idl;hpj;bat;asm;asmx</Extensions>
    </Filter>
    <Filter Include="Header Files">
      <UniqueIdentifier>{93995380-89BD-4b04-88EB-625FBE52EBFB}</UniqueIdentifier>
      <Extensions>h;hpp;hxx;hm;inl;inc;xsd</Extensions>
    </Filter>
    <Filter Include="Resource Files">
      <UniqueIdentifier>{67DA6AB6-F800-4c08-8B7A-83BB121AAD01}</UniqueIdentifier>
      <Extensions>rc;ico;cur;bmp;dlg;rc2;rct;bin;rgs;gif;jpg;jpeg;jpe;resx;tiff;tif;png;wav;mfcribbon-ms</Extensions>
    </Filter>
    <Filter Include="Driver Files">
      <UniqueIdentifier>{8E41214B-6785-4CFE-B992-037D68949A14}</UniqueIdentifier>
      <Extensions>inf;inv;inx;mof;mc;</Extensions>
    </Filter>
  </ItemGroup>
  <ItemGroup>
    <Inf Include="qdma.inf">
      <Filter>Driver Files</Filter>
    </Inf>
  </ItemGroup>
  <ItemGroup>
    <None Include="resource\Resource.aps">
      <Filter>Resource Files</Filter>
    </None>
  </ItemGroup>
  <ItemGroup>
    <ResourceCompile Include="resource\Resource.rc">
      <Filter>Resource Files</Filter>
    </ResourceCompile>
  </ItemGroup>
  <ItemGroup>
    <ClInclude Include="include\qdma_driver_api.h">
      <Filter>Header Files</Filter>
    </ClInclude>
    <ClInclude Include="source\device.h">
      <Filter>Header Files</Filter>
    </ClInclude>
    <ClInclude Include="source\driver.h">
      <Filter>Header Files</Filter>
    </ClInclude>
    <ClInclude Include="source\io_queue.h">
      <Filter>Header Files</Filter>
    </ClInclude>
    <ClInclude Include="source\trace.h">
      <Filter>Header Files</Filter>
    </ClInclude>
    <ClInclude Include="..\libqdma\include\qdma_exports.h">
      <Filter>Header Files</Filter>
    </ClInclude>
    <ClInclude Include="..\libqdma\include\xversion.hpp">
      <Filter>Header Files</Filter>
    </ClInclude>
    <ClInclude Include="source\windows_common.h">
      <Filter>Header Files</Filter>
    </ClInclude>
  </ItemGroup>
  <ItemGroup>
    <ClCompile Include="source\device.cpp">
      <Filter>Source Files</Filter>
    </ClCompile>
    <ClCompile Include="source\driver.cpp">
      <Filter>Source Files</Filter>
    </ClCompile>
    <ClCompile Include="source\io_queue.cpp">
      <Filter>Source Files</Filter>
    </ClCompile>
  </ItemGroup>
</Project>