<?xml version="1.0" encoding="utf-8"?>
<Project ToolsVersion="4.0" xmlns="http://schemas.microsoft.com/developer/msbuild/2003">
  <ItemGroup>
    <Filter Include="Header Files">
      <UniqueIdentifier>{e1da9a0a-858f-49d8-bf70-e04880baf8b3}</UniqueIdentifier>
    </Filter>
    <Filter Include="Source Files">
      <UniqueIdentifier>{6c2a1f5c-8444-46b2-95e9-8c53ee5ab032}</UniqueIdentifier>
    </Filter>
  </ItemGroup>
  <ItemGroup>
    <ClInclude Include="include\qdma_exports.h">
      <Filter>Header Files</Filter>
    </ClInclude>
    <ClInclude Include="include\xversion.hpp">
      <Filter>Header Files</Filter>
    </ClInclude>
    <ClInclude Include="source\interrupts.hpp">
      <Filter>Header Files</Filter>
    </ClInclude>
    <ClInclude Include="source\qdma.h">
      <Filter>Header Files</Filter>
    </ClInclude>
    <ClInclude Include="source\qdma_config.h">
      <Filter>Header Files</Filter>
    </ClInclude>
    <ClInclude Include="source\qdma_license.h">
      <Filter>Header Files</Filter>
    </ClInclude>
    <ClInclude Include="source\qdma_platform_env.h">
      <Filter>Header Files</Filter>
    </ClInclude>
    <ClInclude Include="source\qdma_reg_ext.h">
      <Filter>Header Files</Filter>
    </ClInclude>
    <ClInclude Include="source\thread.h">
      <Filter>Header Files</Filter>
    </ClInclude>
    <ClInclude Include="source\trace.h">
      <Filter>Header Files</Filter>
    </ClInclude>
    <ClInclude Include="source\xpcie.hpp">
      <Filter>Header Files</Filter>
    </ClInclude>
    <ClInclude Include="source\qdma_access\qdma_access_common.h">
      <Filter>Header Files</Filter>
    </ClInclude>
    <ClInclude Include="source\qdma_access\qdma_access_errors.h">
      <Filter>Header Files</Filter>
    </ClInclude>
    <ClInclude Include="source\qdma_access\qdma_access_export.h">
      <Filter>Header Files</Filter>
    </ClInclude>
    <ClInclude Include="source\qdma_access\qdma_access_version.h">
      <Filter>Header Files</Filter>
    </ClInclude>
    <ClInclude Include="source\qdma_access\qdma_list.h">
      <Filter>Header Files</Filter>
    </ClInclude>
    <ClInclude Include="source\qdma_access\qdma_platform.h">
      <Filter>Header Files</Filter>
    </ClInclude>
    <ClInclude Include="source\qdma_access\qdma_reg_dump.h">
      <Filter>Header Files</Filter>
    </ClInclude>
    <ClInclude Include="source\qdma_access\qdma_resource_mgmt.h">
      <Filter>Header Files</Filter>
    </ClInclude>
    <ClInclude Include="source\qdma_access\eqdma_soft_access\eqdma_soft_access.h">
      <Filter>Header Files</Filter>
    </ClInclude>
    <ClInclude Include="source\qdma_access\eqdma_soft_access\eqdma_soft_reg.h">
      <Filter>Header Files</Filter>
    </ClInclude>
    <ClInclude Include="source\qdma_access\qdma_s80_hard_access\qdma_s80_hard_access.h">
      <Filter>Header Files</Filter>
    </ClInclude>
    <ClInclude Include="source\qdma_access\qdma_s80_hard_access\qdma_s80_hard_reg.h">
      <Filter>Header Files</Filter>
    </ClInclude>
    <ClInclude Include="source\qdma_access\qdma_soft_access\qdma_soft_access.h">
      <Filter>Header Files</Filter>
    </ClInclude>
    <ClInclude Include="source\qdma_access\qdma_soft_access\qdma_soft_reg.h">
      <Filter>Header Files</Filter>
    </ClInclude>
  </ItemGroup>
  <ItemGroup>
    <ClCompile Include="source\qdma_access\qdma_soft_access\qdma_soft_access.c">
      <Filter>Source Files</Filter>
    </ClCompile>
    <ClCompile Include="source\qdma_access\qdma_s80_hard_access\qdma_s80_hard_access.c">
      <Filter>Source Files</Filter>
    </ClCompile>
    <ClCompile Include="source\qdma_access\eqdma_soft_access\eqdma_soft_access.c">
      <Filter>Source Files</Filter>
    </ClCompile>
    <ClCompile Include="source\qdma_access\qdma_access_common.c">
      <Filter>Source Files</Filter>
    </ClCompile>
    <ClCompile Include="source\qdma_access\qdma_list.c">
      <Filter>Source Files</Filter>
    </ClCompile>
    <ClCompile Include="source\qdma_access\qdma_resource_mgmt.c">
      <Filter>Source Files</Filter>
    </ClCompile>
    <ClCompile Include="source\interrupts.cpp">
      <Filter>Source Files</Filter>
    </ClCompile>
    <ClCompile Include="source\qdma.cpp">
      <Filter>Source Files</Filter>
    </ClCompile>
    <ClCompile Include="source\qdma_platform.cpp">
      <Filter>Source Files</Filter>
    </ClCompile>
    <ClCompile Include="source\thread.cpp">
      <Filter>Source Files</Filter>
    </ClCompile>
    <ClCompile Include="source\xpcie.cpp">
      <Filter>Source Files</Filter>
    </ClCompile>
    <ClCompile Include="source\qdma_access\eqdma_soft_access\eqdma_soft_reg_dump.c">
      <Filter>Source Files</Filter>
    </ClCompile>
    <ClCompile Include="source\qdma_access\qdma_s80_hard_access\qdma_s80_hard_reg_dump.c">
      <Filter>Source Files</Filter>
    </ClCompile>
  </ItemGroup>
</Project>